
Microsoft Visual Studio Solution File, Format Version 12.00
# Visual Studio 15
VisualStudioVersion = 15.0.28010.2003
MinimumVisualStudioVersion = 10.0.40219.1
Project("{9A19103F-16F7-4668-BE54-9A1E7A4F7556}") = "TriggersTools.DirectoryCaseSensitivity", "src\TriggersTools.DirectoryCaseSensitivity\TriggersTools.DirectoryCaseSensitivity.csproj", "{3F9398B6-562A-4879-81DA-89299F14CECC}"
EndProject
Project("{FAE04EC0-301F-11D3-BF4B-00C04F79EFBC}") = "TriggersTools.DirectoryCaseSensitivity.Demo", "samples\TriggersTools.DirectoryCaseSensitivityDemo\TriggersTools.DirectoryCaseSensitivity.Demo.csproj", "{30890649-924A-492A-BE3F-9123FD8C91A6}"
EndProject
Global
	GlobalSection(SolutionConfigurationPlatforms) = preSolution
		Debug|Any CPU = Debug|Any CPU
		Release|Any CPU = Release|Any CPU
	EndGlobalSection
	GlobalSection(ProjectConfigurationPlatforms) = postSolution
		{3F9398B6-562A-4879-81DA-89299F14CECC}.Debug|Any CPU.ActiveCfg = Debug|Any CPU
		{3F9398B6-562A-4879-81DA-89299F14CECC}.Debug|Any CPU.Build.0 = Debug|Any CPU
		{3F9398B6-562A-4879-81DA-89299F14CECC}.Release|Any CPU.ActiveCfg = Release|Any CPU
		{3F9398B6-562A-4879-81DA-89299F14CECC}.Release|Any CPU.Build.0 = Release|Any CPU
		{30890649-924A-492A-BE3F-9123FD8C91A6}.Debug|Any CPU.ActiveCfg = Debug|Any CPU
		{30890649-924A-492A-BE3F-9123FD8C91A6}.Debug|Any CPU.Build.0 = Debug|Any CPU
		{30890649-924A-492A-BE3F-9123FD8C91A6}.Release|Any CPU.ActiveCfg = Release|Any CPU
		{30890649-924A-492A-BE3F-9123FD8C91A6}.Release|Any CPU.Build.0 = Release|Any CPU
	EndGlobalSection
	GlobalSection(SolutionProperties) = preSolution
		HideSolutionNode = FALSE
	EndGlobalSection
	GlobalSection(ExtensibilityGlobals) = postSolution
		SolutionGuid = {C2A25E14-80B4-4F38-859C-4DB662114C38}
	EndGlobalSection
EndGlobal
